
Microsoft Visual Studio Solution File, Format Version 12.00
# Visual Studio Version 17
VisualStudioVersion = 17.11.35327.3
MinimumVisualStudioVersion = 10.0.40219.1
Project("{2150E333-8FDC-42A3-9474-1A3956D46DE8}") = "Task0", "Task0", "{C87388BB-2A2D-4493-AFAE-004A5263C983}"
EndProject
Project("{9A19103F-16F7-4668-BE54-9A1E7A4F7556}") = "Tyuiu.GridinAE.Sprint6.Task0.V24.Lib", "Tyuiu.GridinAE.Sprint6.Task0.V24.Lib\Tyuiu.GridinAE.Sprint6.Task0.V24.Lib.csproj", "{68933222-58E2-41FC-9B75-2E2AC7E12583}"
EndProject
Project("{9A19103F-16F7-4668-BE54-9A1E7A4F7556}") = "Tyuiu.GridinAE.Sprint6.Task0.V24.Test", "Tyuiu.GridinAE.Sprint6.Task0.V24.Test\Tyuiu.GridinAE.Sprint6.Task0.V24.Test.csproj", "{6D648A93-7375-42EF-B487-1587FB2A31D9}"
EndProject
Project("{9A19103F-16F7-4668-BE54-9A1E7A4F7556}") = "Tyuiu.GridinAE.Sprint6.Task0.V24", "Tyuiu.GridinAE.Sprint6.Task0.V24\Tyuiu.GridinAE.Sprint6.Task0.V24.csproj", "{38B71E61-8C9C-47F3-8B63-024482CC91DD}"
EndProject
Project("{2150E333-8FDC-42A3-9474-1A3956D46DE8}") = "Task1", "Task1", "{A9B9CC1F-A7CA-482E-840B-26189CDA2641}"
EndProject
Project("{9A19103F-16F7-4668-BE54-9A1E7A4F7556}") = "Tyuiu.GridinAE.Sprint6.Task1.V25.Lib", "Tyuiu.GridinAE.Sprint6.Task1.V25.Lib\Tyuiu.GridinAE.Sprint6.Task1.V25.Lib.csproj", "{9D2E19AC-7904-4C65-BD21-478399FFDBC3}"
EndProject
Project("{9A19103F-16F7-4668-BE54-9A1E7A4F7556}") = "Tyuiu.GridinAE.Sprint6.Task1.V25.Test", "Tyuiu.GridinAE.Sprint6.Task1.V25.Test\Tyuiu.GridinAE.Sprint6.Task1.V25.Test.csproj", "{1D47495F-50B6-4A66-89B4-9D2643EB8BEB}"
EndProject
Project("{9A19103F-16F7-4668-BE54-9A1E7A4F7556}") = "Tyuiu.GridinAE.Sprint6.Task1.V25", "Tyuiu.GridinAE.Sprint6.Task1.V25\Tyuiu.GridinAE.Sprint6.Task1.V25.csproj", "{ACEC77E4-4040-4B13-991D-7717E4A805C0}"
EndProject
Project("{2150E333-8FDC-42A3-9474-1A3956D46DE8}") = "Task2", "Task2", "{F44B41B6-07A5-4BF9-B344-6C9B156A1A1B}"
EndProject
Project("{9A19103F-16F7-4668-BE54-9A1E7A4F7556}") = "Tyuiu.GridinAE.Sprint6.Task2.V22.Lib", "Tyuiu.GridinAE.Sprint6.Task2.V22.Lib\Tyuiu.GridinAE.Sprint6.Task2.V22.Lib.csproj", "{5150472C-6F26-4774-8D44-57B25E865F93}"
EndProject
Project("{9A19103F-16F7-4668-BE54-9A1E7A4F7556}") = "Tyuiu.GridinAE.Sprint6.Task2.V22.Test", "Tyuiu.GridinAE.Sprint6.Task2.V22.Test\Tyuiu.GridinAE.Sprint6.Task2.V22.Test.csproj", "{7C10063E-C8D8-4AF7-B932-049C0C868824}"
EndProject
Project("{9A19103F-16F7-4668-BE54-9A1E7A4F7556}") = "Tyuiu.GridinAE.Sprint6.Task2.V22", "Tyuiu.GridinAE.Sprint6.Task2.V22\Tyuiu.GridinAE.Sprint6.Task2.V22.csproj", "{074218E5-C3E0-41A3-916C-45FA5E79F918}"
EndProject
Project("{2150E333-8FDC-42A3-9474-1A3956D46DE8}") = "Task3", "Task3", "{BE2509E7-4FB2-4400-B576-F12BD95543B2}"
EndProject
Project("{9A19103F-16F7-4668-BE54-9A1E7A4F7556}") = "Tyuiu.GridinAE.Sprint6.Task3.V15.Lib", "Tyuiu.GridinAE.Sprint6.Task3.V15.Lib\Tyuiu.GridinAE.Sprint6.Task3.V15.Lib.csproj", "{821B070D-887A-48AF-9A1A-E67A3F918CB2}"
EndProject
Project("{9A19103F-16F7-4668-BE54-9A1E7A4F7556}") = "Tyuiu.GridinAE.Sprint6.Task3.V15.Test", "Tyuiu.GridinAE.Sprint6.Task3.V15.Test\Tyuiu.GridinAE.Sprint6.Task3.V15.Test.csproj", "{E1C59D3E-06C2-4A8C-B1E0-A0B8080BF7CF}"
EndProject
Project("{9A19103F-16F7-4668-BE54-9A1E7A4F7556}") = "Tyuiu.GridinAE.Sprint6.Task3.V15", "Tyuiu.GridinAE.Sprint6.Task3.V15\Tyuiu.GridinAE.Sprint6.Task3.V15.csproj", "{47348119-6FF7-484A-B913-90C3B37419D5}"
EndProject
Project("{2150E333-8FDC-42A3-9474-1A3956D46DE8}") = "Task4", "Task4", "{C25DE022-BA4C-4C21-BC24-C59D59D86607}"
EndProject
Project("{FAE04EC0-301F-11D3-BF4B-00C04F79EFBC}") = "Tyuiu.GridinAE.Sprint6.Task4.V16.Lib", "Tyuiu.GridinAE.Sprint6.Task4.V16.Lib\Tyuiu.GridinAE.Sprint6.Task4.V16.Lib.csproj", "{09F8C04D-DC21-498B-BDCF-1528FC44F4FA}"
EndProject
Project("{FAE04EC0-301F-11D3-BF4B-00C04F79EFBC}") = "Tyuiu.GridinAE.Sprint6.Task4.V16.Test", "Tyuiu.GridinAE.Sprint6.Task4.V16.Test\Tyuiu.GridinAE.Sprint6.Task4.V16.Test.csproj", "{56466783-26E2-4D5D-A0F2-D375941F6327}"
EndProject
Project("{FAE04EC0-301F-11D3-BF4B-00C04F79EFBC}") = "Tyuiu.GridinAE.Sprint6.Task4.V16", "Tyuiu.GridinAE.Sprint6.Task4.V16\Tyuiu.GridinAE.Sprint6.Task4.V16.csproj", "{2FC0E406-E245-4A28-9F3C-98A01300E4F2}"
EndProject
Global
	GlobalSection(SolutionConfigurationPlatforms) = preSolution
		Debug|Any CPU = Debug|Any CPU
		Release|Any CPU = Release|Any CPU
	EndGlobalSection
	GlobalSection(ProjectConfigurationPlatforms) = postSolution
		{68933222-58E2-41FC-9B75-2E2AC7E12583}.Debug|Any CPU.ActiveCfg = Debug|Any CPU
		{68933222-58E2-41FC-9B75-2E2AC7E12583}.Debug|Any CPU.Build.0 = Debug|Any CPU
		{68933222-58E2-41FC-9B75-2E2AC7E12583}.Release|Any CPU.ActiveCfg = Release|Any CPU
		{68933222-58E2-41FC-9B75-2E2AC7E12583}.Release|Any CPU.Build.0 = Release|Any CPU
		{6D648A93-7375-42EF-B487-1587FB2A31D9}.Debug|Any CPU.ActiveCfg = Debug|Any CPU
		{6D648A93-7375-42EF-B487-1587FB2A31D9}.Debug|Any CPU.Build.0 = Debug|Any CPU
		{6D648A93-7375-42EF-B487-1587FB2A31D9}.Release|Any CPU.ActiveCfg = Release|Any CPU
		{6D648A93-7375-42EF-B487-1587FB2A31D9}.Release|Any CPU.Build.0 = Release|Any CPU
		{38B71E61-8C9C-47F3-8B63-024482CC91DD}.Debug|Any CPU.ActiveCfg = Debug|Any CPU
		{38B71E61-8C9C-47F3-8B63-024482CC91DD}.Debug|Any CPU.Build.0 = Debug|Any CPU
		{38B71E61-8C9C-47F3-8B63-024482CC91DD}.Release|Any CPU.ActiveCfg = Release|Any CPU
		{38B71E61-8C9C-47F3-8B63-024482CC91DD}.Release|Any CPU.Build.0 = Release|Any CPU
		{9D2E19AC-7904-4C65-BD21-478399FFDBC3}.Debug|Any CPU.ActiveCfg = Debug|Any CPU
		{9D2E19AC-7904-4C65-BD21-478399FFDBC3}.Debug|Any CPU.Build.0 = Debug|Any CPU
		{9D2E19AC-7904-4C65-BD21-478399FFDBC3}.Release|Any CPU.ActiveCfg = Release|Any CPU
		{9D2E19AC-7904-4C65-BD21-478399FFDBC3}.Release|Any CPU.Build.0 = Release|Any CPU
		{1D47495F-50B6-4A66-89B4-9D2643EB8BEB}.Debug|Any CPU.ActiveCfg = Debug|Any CPU
		{1D47495F-50B6-4A66-89B4-9D2643EB8BEB}.Debug|Any CPU.Build.0 = Debug|Any CPU
		{1D47495F-50B6-4A66-89B4-9D2643EB8BEB}.Release|Any CPU.ActiveCfg = Release|Any CPU
		{1D47495F-50B6-4A66-89B4-9D2643EB8BEB}.Release|Any CPU.Build.0 = Release|Any CPU
		{ACEC77E4-4040-4B13-991D-7717E4A805C0}.Debug|Any CPU.ActiveCfg = Debug|Any CPU
		{ACEC77E4-4040-4B13-991D-7717E4A805C0}.Debug|Any CPU.Build.0 = Debug|Any CPU
		{ACEC77E4-4040-4B13-991D-7717E4A805C0}.Release|Any CPU.ActiveCfg = Release|Any CPU
		{ACEC77E4-4040-4B13-991D-7717E4A805C0}.Release|Any CPU.Build.0 = Release|Any CPU
		{5150472C-6F26-4774-8D44-57B25E865F93}.Debug|Any CPU.ActiveCfg = Debug|Any CPU
		{5150472C-6F26-4774-8D44-57B25E865F93}.Debug|Any CPU.Build.0 = Debug|Any CPU
		{5150472C-6F26-4774-8D44-57B25E865F93}.Release|Any CPU.ActiveCfg = Release|Any CPU
		{5150472C-6F26-4774-8D44-57B25E865F93}.Release|Any CPU.Build.0 = Release|Any CPU
		{7C10063E-C8D8-4AF7-B932-049C0C868824}.Debug|Any CPU.ActiveCfg = Debug|Any CPU
		{7C10063E-C8D8-4AF7-B932-049C0C868824}.Debug|Any CPU.Build.0 = Debug|Any CPU
		{7C10063E-C8D8-4AF7-B932-049C0C868824}.Release|Any CPU.ActiveCfg = Release|Any CPU
		{7C10063E-C8D8-4AF7-B932-049C0C868824}.Release|Any CPU.Build.0 = Release|Any CPU
		{074218E5-C3E0-41A3-916C-45FA5E79F918}.Debug|Any CPU.ActiveCfg = Debug|Any CPU
		{074218E5-C3E0-41A3-916C-45FA5E79F918}.Debug|Any CPU.Build.0 = Debug|Any CPU
		{074218E5-C3E0-41A3-916C-45FA5E79F918}.Release|Any CPU.ActiveCfg = Release|Any CPU
		{074218E5-C3E0-41A3-916C-45FA5E79F918}.Release|Any CPU.Build.0 = Release|Any CPU
		{821B070D-887A-48AF-9A1A-E67A3F918CB2}.Debug|Any CPU.ActiveCfg = Debug|Any CPU
		{821B070D-887A-48AF-9A1A-E67A3F918CB2}.Debug|Any CPU.Build.0 = Debug|Any CPU
		{821B070D-887A-48AF-9A1A-E67A3F918CB2}.Release|Any CPU.ActiveCfg = Release|Any CPU
		{821B070D-887A-48AF-9A1A-E67A3F918CB2}.Release|Any CPU.Build.0 = Release|Any CPU
		{E1C59D3E-06C2-4A8C-B1E0-A0B8080BF7CF}.Debug|Any CPU.ActiveCfg = Debug|Any CPU
		{E1C59D3E-06C2-4A8C-B1E0-A0B8080BF7CF}.Debug|Any CPU.Build.0 = Debug|Any CPU
		{E1C59D3E-06C2-4A8C-B1E0-A0B8080BF7CF}.Release|Any CPU.ActiveCfg = Release|Any CPU
		{E1C59D3E-06C2-4A8C-B1E0-A0B8080BF7CF}.Release|Any CPU.Build.0 = Release|Any CPU
		{47348119-6FF7-484A-B913-90C3B37419D5}.Debug|Any CPU.ActiveCfg = Debug|Any CPU
		{47348119-6FF7-484A-B913-90C3B37419D5}.Debug|Any CPU.Build.0 = Debug|Any CPU
		{47348119-6FF7-484A-B913-90C3B37419D5}.Release|Any CPU.ActiveCfg = Release|Any CPU
		{47348119-6FF7-484A-B913-90C3B37419D5}.Release|Any CPU.Build.0 = Release|Any CPU
		{09F8C04D-DC21-498B-BDCF-1528FC44F4FA}.Debug|Any CPU.ActiveCfg = Debug|Any CPU
		{09F8C04D-DC21-498B-BDCF-1528FC44F4FA}.Debug|Any CPU.Build.0 = Debug|Any CPU
		{09F8C04D-DC21-498B-BDCF-1528FC44F4FA}.Release|Any CPU.ActiveCfg = Release|Any CPU
		{09F8C04D-DC21-498B-BDCF-1528FC44F4FA}.Release|Any CPU.Build.0 = Release|Any CPU
		{56466783-26E2-4D5D-A0F2-D375941F6327}.Debug|Any CPU.ActiveCfg = Debug|Any CPU
		{56466783-26E2-4D5D-A0F2-D375941F6327}.Debug|Any CPU.Build.0 = Debug|Any CPU
		{56466783-26E2-4D5D-A0F2-D375941F6327}.Release|Any CPU.ActiveCfg = Release|Any CPU
		{56466783-26E2-4D5D-A0F2-D375941F6327}.Release|Any CPU.Build.0 = Release|Any CPU
		{2FC0E406-E245-4A28-9F3C-98A01300E4F2}.Debug|Any CPU.ActiveCfg = Debug|Any CPU
		{2FC0E406-E245-4A28-9F3C-98A01300E4F2}.Debug|Any CPU.Build.0 = Debug|Any CPU
		{2FC0E406-E245-4A28-9F3C-98A01300E4F2}.Release|Any CPU.ActiveCfg = Release|Any CPU
		{2FC0E406-E245-4A28-9F3C-98A01300E4F2}.Release|Any CPU.Build.0 = Release|Any CPU
	EndGlobalSection
	GlobalSection(SolutionProperties) = preSolution
		HideSolutionNode = FALSE
	EndGlobalSection
	GlobalSection(NestedProjects) = preSolution
		{68933222-58E2-41FC-9B75-2E2AC7E12583} = {C87388BB-2A2D-4493-AFAE-004A5263C983}
		{6D648A93-7375-42EF-B487-1587FB2A31D9} = {C87388BB-2A2D-4493-AFAE-004A5263C983}
		{38B71E61-8C9C-47F3-8B63-024482CC91DD} = {C87388BB-2A2D-4493-AFAE-004A5263C983}
		{9D2E19AC-7904-4C65-BD21-478399FFDBC3} = {A9B9CC1F-A7CA-482E-840B-26189CDA2641}
		{1D47495F-50B6-4A66-89B4-9D2643EB8BEB} = {A9B9CC1F-A7CA-482E-840B-26189CDA2641}
		{ACEC77E4-4040-4B13-991D-7717E4A805C0} = {A9B9CC1F-A7CA-482E-840B-26189CDA2641}
		{5150472C-6F26-4774-8D44-57B25E865F93} = {F44B41B6-07A5-4BF9-B344-6C9B156A1A1B}
		{7C10063E-C8D8-4AF7-B932-049C0C868824} = {F44B41B6-07A5-4BF9-B344-6C9B156A1A1B}
		{074218E5-C3E0-41A3-916C-45FA5E79F918} = {F44B41B6-07A5-4BF9-B344-6C9B156A1A1B}
		{821B070D-887A-48AF-9A1A-E67A3F918CB2} = {BE2509E7-4FB2-4400-B576-F12BD95543B2}
		{E1C59D3E-06C2-4A8C-B1E0-A0B8080BF7CF} = {BE2509E7-4FB2-4400-B576-F12BD95543B2}
		{47348119-6FF7-484A-B913-90C3B37419D5} = {BE2509E7-4FB2-4400-B576-F12BD95543B2}
		{09F8C04D-DC21-498B-BDCF-1528FC44F4FA} = {C25DE022-BA4C-4C21-BC24-C59D59D86607}
		{56466783-26E2-4D5D-A0F2-D375941F6327} = {C25DE022-BA4C-4C21-BC24-C59D59D86607}
		{2FC0E406-E245-4A28-9F3C-98A01300E4F2} = {C25DE022-BA4C-4C21-BC24-C59D59D86607}
	EndGlobalSection
	GlobalSection(ExtensibilityGlobals) = postSolution
		SolutionGuid = {73327F97-3CD3-461E-B98C-DA0B3125FBEB}
	EndGlobalSection
EndGlobal
